
Microsoft Visual Studio Solution File, Format Version 12.00
# Visual Studio 15
VisualStudioVersion = 15.0.28010.2003
MinimumVisualStudioVersion = 10.0.40219.1
Project("{FAE04EC0-301F-11D3-BF4B-00C04F79EFBC}") = "CreaciónDeCRUDconCsharpUsandoMVC", "CreaciónDeCRUDconCsharpUsandoMVC\CreaciónDeCRUDconCsharpUsandoMVC.csproj", "{3F82D6D3-9488-4FAF-8F5B-AF5A8CAB9738}"
EndProject
Global
	GlobalSection(SolutionConfigurationPlatforms) = preSolution
		Debug|Any CPU = Debug|Any CPU
		Release|Any CPU = Release|Any CPU
	EndGlobalSection
	GlobalSection(ProjectConfigurationPlatforms) = postSolution
		{3F82D6D3-9488-4FAF-8F5B-AF5A8CAB9738}.Debug|Any CPU.ActiveCfg = Debug|Any CPU
		{3F82D6D3-9488-4FAF-8F5B-AF5A8CAB9738}.Debug|Any CPU.Build.0 = Debug|Any CPU
		{3F82D6D3-9488-4FAF-8F5B-AF5A8CAB9738}.Release|Any CPU.ActiveCfg = Release|Any CPU
		{3F82D6D3-9488-4FAF-8F5B-AF5A8CAB9738}.Release|Any CPU.Build.0 = Release|Any CPU
	EndGlobalSection
	GlobalSection(SolutionProperties) = preSolution
		HideSolutionNode = FALSE
	EndGlobalSection
	GlobalSection(ExtensibilityGlobals) = postSolution
		SolutionGuid = {7A4C8B2F-278B-41D4-8F50-E0298BA85ACB}
	EndGlobalSection
EndGlobal
